schema: '2.0'
stages:
  data_ingestion:
    cmd: python src/data/data_ingestion.py
    deps:
    - path: src/data/data_ingestion.py
      hash: md5
      md5: 103a9d3efc715686451bf3303caf6bee
      size: 3504
    params:
      params.yaml:
        data_ingestion.test_size: 0.24
    outs:
    - path: data/raw/
      hash: md5
      md5: 965ceeded706d645351c6d4ce3cd066b.dir
      size: 827973
      nfiles: 2
  data_preprocessing:
    cmd: python src/data/data_preprocessing.py
    deps:
    - path: data/raw/
      hash: md5
      md5: 965ceeded706d645351c6d4ce3cd066b.dir
      size: 827973
      nfiles: 2
    - path: src/data/data_preprocessing.py
      hash: md5
      md5: dc811934bafe52ccdabb2bc89e30884a
      size: 4461
    outs:
    - path: data/interim/
      hash: md5
      md5: 958991ce8cc8ec4a192b0c0074ae995b.dir
      size: 522783
      nfiles: 2
  feature_engineering:
    cmd: python src/features/feature_engineering.py
    deps:
    - path: data/interim/
      hash: md5
      md5: 958991ce8cc8ec4a192b0c0074ae995b.dir
      size: 522783
      nfiles: 2
    - path: src/features/feature_engineering.py
      hash: md5
      md5: 18eb2b880bde81d67c373fec6fab2b0d
      size: 3748
    params:
      params.yaml:
        feature_engineering.max_features: 350
    outs:
    - path: data/processed/
      hash: md5
      md5: e12b8c8ef9375a0ca4489c29a7e374c9.dir
      size: 7295516
      nfiles: 2
  model_building:
    cmd: python src/models/model_building.py
    deps:
    - path: data/processed/
      hash: md5
      md5: e12b8c8ef9375a0ca4489c29a7e374c9.dir
      size: 7295516
      nfiles: 2
    - path: src/models/model_building.py
      hash: md5
      md5: 9677f5669aa034b34687fcfe2d0b8309
      size: 3410
    params:
      params.yaml:
        model_building.l1_ratio: 0.15
        model_building.max_iter: 400
    outs:
    - path: models/model.pkl
      hash: md5
      md5: 520ea99afbea01d83753761cf5d89799
      size: 5622
  model_evaluation:
    cmd: python src/models/model_evaluation.py
    deps:
    - path: models/model.pkl
      hash: md5
      md5: 520ea99afbea01d83753761cf5d89799
      size: 5622
    - path: src/models/model_evaluation.py
      hash: md5
      md5: 41f8e4f53d232e512d161bf0478bed89
      size: 5650
    outs:
    - path: reports/metrics.json
      hash: md5
      md5: 5a77c29b4d17201cd973089c47cb9e68
      size: 143
    - path: reports/model_info.json
      hash: md5
      md5: 41cda4b95b9c155d7c2ba26fd4fcd602
      size: 119
  model_register:
    cmd: python .\src\models\model_register.py
    deps:
    - path: .\reports\experiment_info.json
      hash: md5
      md5: 03fb8f49d79df681d3e89b94bd7642ce
      size: 82
    - path: .\src\models\model_register.py
      hash: md5
      md5: ee60865d6362675ae93ab893fa1d3010
      size: 2526
  model_registry:
    cmd: python src/models/model_register.py
    deps:
    - path: reports/metrics.json
      hash: md5
      md5: 5a77c29b4d17201cd973089c47cb9e68
      size: 143
    - path: reports/model_info.json
      hash: md5
      md5: 41cda4b95b9c155d7c2ba26fd4fcd602
      size: 119
    - path: src/models/model_register.py
      hash: md5
      md5: 3b907783f024a8dae28c42a713eecb0d
      size: 3114
